
Microsoft Visual Studio Solution File, Format Version 12.00
# Visual Studio 14
VisualStudioVersion = 14.0.25420.1
MinimumVisualStudioVersion = 10.0.40219.1
Project("{FAE04EC0-301F-11D3-BF4B-00C04F79EFBC}") = "Angular6Demo", "Angular6Demo.csproj", "{4BB05C41-DF54-474B-8E53-30A2DAE1B6A3}"
EndProject
Global
	GlobalSection(SolutionConfigurationPlatforms) = preSolution
		Debug|Any CPU = Debug|Any CPU
		Release|Any CPU = Release|Any CPU
	EndGlobalSection
	GlobalSection(ProjectConfigurationPlatforms) = postSolution
		{4BB05C41-DF54-474B-8E53-30A2DAE1B6A3}.Debug|Any CPU.ActiveCfg = Debug|Any CPU
		{4BB05C41-DF54-474B-8E53-30A2DAE1B6A3}.Debug|Any CPU.Build.0 = Debug|Any CPU
		{4BB05C41-DF54-474B-8E53-30A2DAE1B6A3}.Release|Any CPU.ActiveCfg = Release|Any CPU
		{4BB05C41-DF54-474B-8E53-30A2DAE1B6A3}.Release|Any CPU.Build.0 = Release|Any CPU
	EndGlobalSection
	GlobalSection(SolutionProperties) = preSolution
		HideSolutionNode = FALSE
	EndGlobalSection
	GlobalSection(ExtensibilityGlobals) = postSolution
		SolutionGuid = {1060DE24-4369-4198-AA75-643504FD3287}
	EndGlobalSection
EndGlobal
